
Microsoft Visual Studio Solution File, Format Version 12.00
# Visual Studio Version 17
VisualStudioVersion = 17.12.35707.178 d17.12
MinimumVisualStudioVersion = 10.0.40219.1
Project("{FAE04EC0-301F-11D3-BF4B-00C04F79EFBC}") = "Clase_Button_Command_19796703", "Clase_Button_Command_19796703\Clase_Button_Command_19796703.csproj", "{F490B029-D241-4100-818A-B64CF5B0735D}"
EndProject
Global
	GlobalSection(SolutionConfigurationPlatforms) = preSolution
		Debug|Any CPU = Debug|Any CPU
		Release|Any CPU = Release|Any CPU
	EndGlobalSection
	GlobalSection(ProjectConfigurationPlatforms) = postSolution
		{F490B029-D241-4100-818A-B64CF5B0735D}.Debug|Any CPU.ActiveCfg = Debug|Any CPU
		{F490B029-D241-4100-818A-B64CF5B0735D}.Debug|Any CPU.Build.0 = Debug|Any CPU
		{F490B029-D241-4100-818A-B64CF5B0735D}.Release|Any CPU.ActiveCfg = Release|Any CPU
		{F490B029-D241-4100-818A-B64CF5B0735D}.Release|Any CPU.Build.0 = Release|Any CPU
	EndGlobalSection
	GlobalSection(SolutionProperties) = preSolution
		HideSolutionNode = FALSE
	EndGlobalSection
EndGlobal
